<?xml version="1.0" encoding="utf-8"?>
<Project ToolsVersion="4.0" xmlns="http://schemas.microsoft.com/developer/msbuild/2003">
  <ItemGroup>
    <Filter Include="Source Files">
      <UniqueIdentifier>{4FC737F1-C7A5-4376-A066-2A32D752A2FF}</UniqueIdentifier>
      <Extensions>cpp;c;cc;cxx;def;odl;idl;hpj;bat;asm;asmx</Extensions>
    </Filter>
    <Filter Include="Header Files">
      <UniqueIdentifier>{93995380-89BD-4b04-88EB-625FBE52EBFB}</UniqueIdentifier>
      <Extensions>h;hh;hpp;hxx;hm;inl;inc;ipp;xsd</Extensions>
    </Filter>
    <Filter Include="Resource Files">
      <UniqueIdentifier>{67DA6AB6-F800-4c08-8B7A-83BB121AAD01}</UniqueIdentifier>
      <Extensions>rc;ico;cur;bmp;dlg;rc2;rct;bin;rgs;gif;jpg;jpeg;jpe;resx;tiff;tif;png;wav;mfcribbon-ms</Extensions>
    </Filter>
  </ItemGroup>
  <ItemGroup>
    <ClInclude Include="source\Vofog.h">
      <Filter>Header Files</Filter>
    </ClInclude>
    <ClInclude Include="source\tools\Logging.h">
      <Filter>Header Files</Filter>
    </ClInclude>
    <ClInclude Include="source\VSL\Vector.h">
      <Filter>Header Files</Filter>
    </ClInclude>
    <ClInclude Include="source\VofogCore.h">
      <Filter>Header Files</Filter>
    </ClInclude>
    <ClInclude Include="source\Rendering\Window.h">
      <Filter>Header Files</Filter>
    </ClInclude>
    <ClInclude Include="source\tools\Events\Event.h">
      <Filter>Header Files</Filter>
    </ClInclude>
    <ClInclude Include="source\tools\Events\EventMouse.h">
      <Filter>Header Files</Filter>
    </ClInclude>
    <ClInclude Include="source\tools\Layers\Layer.h">
      <Filter>Header Files</Filter>
    </ClInclude>
    <ClInclude Include="source\tools\Events\EventListener.h">
      <Filter>Header Files</Filter>
    </ClInclude>
    <ClInclude Include="source\Rendering\ShaderProgram.h">
      <Filter>Header Files</Filter>
    </ClInclude>
    <ClInclude Include="source\Rendering\Renderables\Buffer.h">
      <Filter>Header Files</Filter>
    </ClInclude>
    <ClInclude Include="source\Rendering\Renderables\VertexArray.h">
      <Filter>Header Files</Filter>
    </ClInclude>
    <ClInclude Include="source\vpch.h">
      <Filter>Header Files</Filter>
    </ClInclude>
    <ClInclude Include="source\Rendering\Renderables\Renderer2D.h">
      <Filter>Header Files</Filter>
    </ClInclude>
    <ClInclude Include="source\Rendering\Renderables\IndexBuffer.h">
      <Filter>Header Files</Filter>
    </ClInclude>
    <ClInclude Include="source\Rendering\Renderables\Sprite2D.h">
      <Filter>Header Files</Filter>
    </ClInclude>
    <ClInclude Include="source\Rendering\Cameras\Camera.h">
      <Filter>Header Files</Filter>
    </ClInclude>
    <ClInclude Include="source\Rendering\Cameras\OrthographicCamera.h">
      <Filter>Header Files</Filter>
    </ClInclude>
    <ClInclude Include="source\external code\imgui\imconfig.h">
      <Filter>Header Files</Filter>
    </ClInclude>
    <ClInclude Include="source\external code\imgui\imgui.h">
      <Filter>Header Files</Filter>
    </ClInclude>
    <ClInclude Include="source\external code\imgui\imgui_impl_glfw.h">
      <Filter>Header Files</Filter>
    </ClInclude>
    <ClInclude Include="source\external code\imgui\imgui_impl_opengl3.h">
      <Filter>Header Files</Filter>
    </ClInclude>
    <ClInclude Include="source\external code\imgui\imgui_internal.h">
      <Filter>Header Files</Filter>
    </ClInclude>
    <ClInclude Include="source\external code\imgui\imstb_rectpack.h">
      <Filter>Header Files</Filter>
    </ClInclude>
    <ClInclude Include="source\external code\imgui\imstb_textedit.h">
      <Filter>Header Files</Filter>
    </ClInclude>
    <ClInclude Include="source\external code\imgui\imstb_truetype.h">
      <Filter>Header Files</Filter>
    </ClInclude>
    <ClInclude Include="source\tools\ImGui\ImGuiEngine.h">
      <Filter>Header Files</Filter>
    </ClInclude>
    <ClInclude Include="source\Rendering\RenderCommands.h">
      <Filter>Header Files</Filter>
    </ClInclude>
    <ClInclude Include="source\GUI\BatchRendererGui.h">
      <Filter>Header Files</Filter>
    </ClInclude>
    <ClInclude Include="resource.h">
      <Filter>Header Files</Filter>
    </ClInclude>
    <ClInclude Include="source\tools\ImGui\ImGuiConsole.h">
      <Filter>Header Files</Filter>
    </ClInclude>
    <ClInclude Include="source\tools\GuiSink.h">
      <Filter>Header Files</Filter>
    </ClInclude>
    <ClInclude Include="source\external code\stbimage\stb_image.h">
      <Filter>Header Files</Filter>
    </ClInclude>
    <ClInclude Include="source\tools\Assets\TextLoader.h">
      <Filter>Header Files</Filter>
    </ClInclude>
    <ClInclude Include="source\tools\Assets\ImageLoader.h">
      <Filter>Header Files</Filter>
    </ClInclude>
    <ClInclude Include="source\Rendering\Cameras\PerspectiveCamera.h">
      <Filter>Header Files</Filter>
    </ClInclude>
    <ClInclude Include="source\Rendering\Renderables\BatchRenderer.h">
      <Filter>Header Files</Filter>
    </ClInclude>
    <ClInclude Include="source\Rendering\Renderables\Cube.h">
      <Filter>Header Files</Filter>
    </ClInclude>
    <ClInclude Include="source\Rendering\Renderables\Renderable.h">
      <Filter>Header Files</Filter>
    </ClInclude>
    <ClInclude Include="source\tools\Events\EventKey.h">
      <Filter>Header Files</Filter>
    </ClInclude>
    <ClInclude Include="source\Rendering\Renderables\Texture.h">
      <Filter>Header Files</Filter>
    </ClInclude>
    <ClInclude Include="source\VSL\HashMap.h">
      <Filter>Header Files</Filter>
    </ClInclude>
    <ClInclude Include="source\Rendering\Renderables\Material.h">
      <Filter>Header Files</Filter>
    </ClInclude>
    <ClInclude Include="source\Rendering\Renderables\ShaderAbstractions\Light.h">
      <Filter>Header Files</Filter>
    </ClInclude>
    <ClInclude Include="source\Rendering\TextureHandler.h">
      <Filter>Header Files</Filter>
    </ClInclude>
    <ClInclude Include="source\tools\Scenes\Scene.h">
      <Filter>Header Files</Filter>
    </ClInclude>
    <ClInclude Include="source\tools\Scenes\SceneManager.h">
      <Filter>Header Files</Filter>
    </ClInclude>
    <ClInclude Include="source\Physics\RayOBBFactory.h">
      <Filter>Header Files</Filter>
    </ClInclude>
    <ClInclude Include="source\Rendering\Renderables\ShaderAbstractions\PointLight.h">
      <Filter>Header Files</Filter>
    </ClInclude>
    <ClInclude Include="source\PlatformSpecific\OSFileSystem.h">
      <Filter>Header Files</Filter>
    </ClInclude>
    <ClInclude Include="source\tools\Layers\TestLayer.h">
      <Filter>Header Files</Filter>
    </ClInclude>
    <ClInclude Include="source\tools\Scenes\TestScene.h">
      <Filter>Header Files</Filter>
    </ClInclude>
    <ClInclude Include="source\Rendering\Renderables\InternalTexture.h">
      <Filter>Header Files</Filter>
    </ClInclude>
    <ClInclude Include="source\EntityComponentSystem\GameObject.h">
      <Filter>Header Files</Filter>
    </ClInclude>
    <ClInclude Include="source\Entity Component System\Entity.h">
      <Filter>Header Files</Filter>
    </ClInclude>
    <ClInclude Include="source\Rendering\Renderers\BaseRenderer.h">
      <Filter>Header Files</Filter>
    </ClInclude>
    <ClInclude Include="source\Rendering\Renderers\MeshRenderer.h">
      <Filter>Header Files</Filter>
    </ClInclude>
    <ClInclude Include="source\tools\Events\EventManager.h">
      <Filter>Header Files</Filter>
    </ClInclude>
    <ClInclude Include="source\Entity Component System\EntityManager.h">
      <Filter>Header Files</Filter>
    </ClInclude>
    <ClInclude Include="source\Rendering\Renderers\BulletDebugRenderer.h">
      <Filter>Header Files</Filter>
    </ClInclude>
    <ClInclude Include="source\tools\Physics\PhysicsFactory.h">
      <Filter>Header Files</Filter>
    </ClInclude>
    <ClInclude Include="source\Entity Component System\Systems\Application\PhysicsSystem.h">
      <Filter>Header Files</Filter>
    </ClInclude>
    <ClInclude Include="source\Entity Component System\Components\TransformComponent.h">
      <Filter>Header Files</Filter>
    </ClInclude>
    <ClInclude Include="source\Entity Component System\Components\RenderableComponent.h">
      <Filter>Header Files</Filter>
    </ClInclude>
    <ClInclude Include="source\Entity Component System\Components\PhysicsComponent.h">
      <Filter>Header Files</Filter>
    </ClInclude>
    <ClInclude Include="source\Entity Component System\Components\Component.h">
      <Filter>Header Files</Filter>
    </ClInclude>
    <ClInclude Include="source\Entity Component System\Systems\EntitySystem.h">
      <Filter>Header Files</Filter>
    </ClInclude>
    <ClInclude Include="source\Entity Component System\Systems\Editor\MovementSystem.h">
      <Filter>Header Files</Filter>
    </ClInclude>
    <ClInclude Include="source\Entity Component System\Systems\Editor\ObjectPickingSystem.h">
      <Filter>Header Files</Filter>
    </ClInclude>
    <ClInclude Include="source\tools\Scenes\DefaultScene.h">
      <Filter>Header Files</Filter>
    </ClInclude>
    <ClInclude Include="source\tools\Layers\DefaultLayer.h">
      <Filter>Header Files</Filter>
    </ClInclude>
    <ClInclude Include="source\tools\Assets\ModelLoader.h">
      <Filter>Header Files</Filter>
    </ClInclude>
    <ClInclude Include="source\VofogEntity.h">
      <Filter>Header Files</Filter>
    </ClInclude>
    <ClInclude Include="source\VofogEntityManager.h">
      <Filter>Header Files</Filter>
    </ClInclude>
    <ClInclude Include="source\VofogCoreScripting.h">
      <Filter>Header Files</Filter>
    </ClInclude>
    <ClInclude Include="source\Entity Component System\Systems\Application\ScriptingSystem.h">
      <Filter>Header Files</Filter>
    </ClInclude>
    <ClInclude Include="source\Entity Component System\Components\ScriptComponent.h">
      <Filter>Header Files</Filter>
    </ClInclude>
    <ClInclude Include="source\tools\LuaState.h">
      <Filter>Header Files</Filter>
    </ClInclude>
  </ItemGroup>
  <ItemGroup>
    <ClCompile Include="source\tools\Logging.cpp">
      <Filter>Source Files</Filter>
    </ClCompile>
    <ClCompile Include="source\Rendering\Window.cpp">
      <Filter>Source Files</Filter>
    </ClCompile>
    <ClCompile Include="source\VofogCore.cpp">
      <Filter>Source Files</Filter>
    </ClCompile>
    <ClCompile Include="..\outsourced\GLAD\src\glad.c">
      <Filter>Source Files</Filter>
    </ClCompile>
    <ClCompile Include="source\Rendering\ShaderProgram.cpp">
      <Filter>Source Files</Filter>
    </ClCompile>
    <ClCompile Include="source\Rendering\Renderables\Buffer.cpp">
      <Filter>Source Files</Filter>
    </ClCompile>
    <ClCompile Include="source\Rendering\Renderables\VertexArray.cpp">
      <Filter>Source Files</Filter>
    </ClCompile>
    <ClCompile Include="source\vpch.cpp">
      <Filter>Source Files</Filter>
    </ClCompile>
    <ClCompile Include="source\Rendering\Renderables\IndexBuffer.cpp">
      <Filter>Source Files</Filter>
    </ClCompile>
    <ClCompile Include="source\Rendering\Renderables\Sprite2D.cpp">
      <Filter>Source Files</Filter>
    </ClCompile>
    <ClCompile Include="source\Rendering\Cameras\Camera.cpp">
      <Filter>Source Files</Filter>
    </ClCompile>
    <ClCompile Include="source\Rendering\Cameras\OrthographicCamera.cpp">
      <Filter>Source Files</Filter>
    </ClCompile>
    <ClCompile Include="source\external code\imgui\imgui.cpp">
      <Filter>Source Files</Filter>
    </ClCompile>
    <ClCompile Include="source\external code\imgui\imgui_demo.cpp">
      <Filter>Source Files</Filter>
    </ClCompile>
    <ClCompile Include="source\external code\imgui\imgui_draw.cpp">
      <Filter>Source Files</Filter>
    </ClCompile>
    <ClCompile Include="source\external code\imgui\imgui_impl_glfw.cpp">
      <Filter>Source Files</Filter>
    </ClCompile>
    <ClCompile Include="source\external code\imgui\imgui_impl_opengl3.cpp">
      <Filter>Source Files</Filter>
    </ClCompile>
    <ClCompile Include="source\external code\imgui\imgui_widgets.cpp">
      <Filter>Source Files</Filter>
    </ClCompile>
    <ClCompile Include="source\GUI\BatchRendererGui.cpp">
      <Filter>Source Files</Filter>
    </ClCompile>
    <ClCompile Include="source\tools\Assets\ImageLoader.cpp">
      <Filter>Source Files</Filter>
    </ClCompile>
    <ClCompile Include="source\Rendering\Cameras\PerspectiveCamera.cpp">
      <Filter>Source Files</Filter>
    </ClCompile>
    <ClCompile Include="source\Rendering\Renderables\BatchRenderer.cpp">
      <Filter>Source Files</Filter>
    </ClCompile>
    <ClCompile Include="source\Rendering\Renderables\Texture.cpp">
      <Filter>Source Files</Filter>
    </ClCompile>
    <ClCompile Include="source\VSL\HashMap.cpp">
      <Filter>Source Files</Filter>
    </ClCompile>
    <ClCompile Include="source\Rendering\Renderables\Material.cpp">
      <Filter>Source Files</Filter>
    </ClCompile>
    <ClCompile Include="source\Rendering\TextureHandler.cpp">
      <Filter>Source Files</Filter>
    </ClCompile>
    <ClCompile Include="source\tools\Scenes\SceneManager.cpp">
      <Filter>Source Files</Filter>
    </ClCompile>
    <ClCompile Include="source\Rendering\Renderables\ShaderAbstractions\PointLight.cpp">
      <Filter>Source Files</Filter>
    </ClCompile>
    <ClCompile Include="source\Rendering\Renderables\InternalTexture.cpp">
      <Filter>Source Files</Filter>
    </ClCompile>
    <ClCompile Include="source\Entity Component System\EntityManager.cpp">
      <Filter>Source Files</Filter>
    </ClCompile>
    <ClCompile Include="source\Entity Component System\Entity.cpp">
      <Filter>Source Files</Filter>
    </ClCompile>
    <ClCompile Include="source\Rendering\Renderers\MeshRenderer.cpp">
      <Filter>Source Files</Filter>
    </ClCompile>
    <ClCompile Include="source\tools\Events\EventManager.cpp">
      <Filter>Source Files</Filter>
    </ClCompile>
    <ClCompile Include="source\tools\Layers\TestLayer.cpp">
      <Filter>Source Files</Filter>
    </ClCompile>
    <ClCompile Include="source\Entity Component System\Systems\Application\PhysicsSystem.cpp">
      <Filter>Source Files</Filter>
    </ClCompile>
    <ClCompile Include="source\Entity Component System\Systems\Editor\MovementSystem.cpp">
      <Filter>Source Files</Filter>
    </ClCompile>
    <ClCompile Include="source\Entity Component System\Systems\Editor\ObjectPickingSystem.cpp">
      <Filter>Source Files</Filter>
    </ClCompile>
    <ClCompile Include="source\Entity Component System\Components\HashImpl.cpp">
      <Filter>Source Files</Filter>
    </ClCompile>
    <ClCompile Include="source\tools\Layers\DefaultLayer.cpp">
      <Filter>Source Files</Filter>
    </ClCompile>
    <ClCompile Include="source\tools\Layers\Layer.cpp">
      <Filter>Source Files</Filter>
    </ClCompile>
    <ClCompile Include="source\tools\Physics\PhysicsFactory.cpp">
      <Filter>Source Files</Filter>
    </ClCompile>
    <ClCompile Include="source\tools\Scenes\Scene.cpp">
      <Filter>Source Files</Filter>
    </ClCompile>
    <ClCompile Include="source\tools\Assets\ModelLoader.cpp">
      <Filter>Source Files</Filter>
    </ClCompile>
    <ClCompile Include="source\VofogEntityManager.cpp">
      <Filter>Source Files</Filter>
    </ClCompile>
    <ClCompile Include="source\VofogCoreScripting.cpp">
      <Filter>Source Files</Filter>
    </ClCompile>
    <ClCompile Include="source\VofogEntity.cpp">
      <Filter>Source Files</Filter>
    </ClCompile>
    <ClCompile Include="source\Entity Component System\Systems\Application\ScriptingSystem.cpp">
      <Filter>Source Files</Filter>
    </ClCompile>
    <ClCompile Include="source\tools\LuaState.cpp">
      <Filter>Source Files</Filter>
    </ClCompile>
  </ItemGroup>
  <ItemGroup>
    <None Include="resources\shaders\RenderableDefaultShader.vert" />
    <None Include="resources\shaders\RenderableDefaultShader.frag" />
    <None Include="resources\shaders\GuiHighlightShader.vert" />
    <None Include="resources\shaders\GuiHighlightShader.frag" />
    <None Include="resources\shaders\GuiHighlightShader.geom" />
    <None Include="resources\shaders\Atmosphere.vert" />
    <None Include="resources\shaders\Atmosphere.frag" />
    <None Include="resources\shaders\PostPass.vert" />
    <None Include="resources\shaders\PostPass.frag" />
    <None Include="resources\shaders\DepthShader.vert" />
    <None Include="resources\shaders\DepthShader.frag" />
    <None Include="resources\shaders\DepthBufferViewer.frag" />
    <None Include="resources\shaders\DepthBufferViewer.vert" />
    <None Include="resources\shaders\PBR.vert" />
    <None Include="resources\shaders\PBR.frag" />
    <None Include="resources\shaders\pass.vert" />
    <None Include="resources\shaders\pass.frag" />
    <None Include="resources\shaders\CubePass.vert" />
    <None Include="resources\shaders\CubePass.frag" />
    <None Include="resources\shaders\GuiOutline.vert" />
    <None Include="resources\shaders\GuiOutline.frag" />
    <None Include="resources\scripts\lua\TestScript.lua" />
    <None Include="resources\shaders\DEBUG\DebugPicking.vert" />
    <None Include="resources\shaders\DEBUG\DebugPicking.frag" />
    <None Include="resources\shaders\DEBUG\BulletDrawLine.vert" />
    <None Include="resources\shaders\DEBUG\DebugPicking.geom" />
    <None Include="resources\shaders\DEBUG\BulletDrawLine.geom" />
    <None Include="resources\shaders\DEBUG\BulletDrawLine.frag" />
    <None Include="resources\shaders\DEBUG\BulletDrawLine2.frag" />
    <None Include="resources\shaders\DEBUG\BulletDrawLine2.vert" />
    <None Include="resources\shaders\DEBUG\Grid.vert" />
    <None Include="resources\shaders\DEBUG\Grid.geom" />
    <None Include="resources\shaders\DEBUG\Grid.frag" />
    <None Include="resources\scripts\lua\SolTestScript.lua" />
    <None Include="resources\scripts\lua\LeftClickFire.lua" />
  </ItemGroup>
  <ItemGroup>
    <ResourceCompile Include="Vofog.rc">
      <Filter>Resource Files</Filter>
    </ResourceCompile>
  </ItemGroup>
  <ItemGroup>
    <Image Include="..\..\..\..\Users\Luke\Downloads\pink-v.ico">
      <Filter>Resource Files</Filter>
    </Image>
    <Image Include="resources\images\vblue.png">
      <Filter>Resource Files</Filter>
    </Image>
    <Image Include="resources\images\container.png">
      <Filter>Resource Files</Filter>
    </Image>
    <Image Include="resources\images\Gravel.png">
      <Filter>Resource Files</Filter>
    </Image>
    <Image Include="resources\images\Gravel1k.png">
      <Filter>Resource Files</Filter>
    </Image>
    <Image Include="resources\images\Stone.jpg">
      <Filter>Resource Files</Filter>
    </Image>
    <Image Include="resources\pink-v.ico">
      <Filter>Resource Files</Filter>
    </Image>
    <Image Include="resources\images\graymarble.jpg">
      <Filter>Resource Files</Filter>
    </Image>
    <Image Include="resources\images\marble.jpg">
      <Filter>Resource Files</Filter>
    </Image>
    <Image Include="resources\images\container_specular_map.png">
      <Filter>Resource Files</Filter>
    </Image>
    <Image Include="resources\images\stone.png">
      <Filter>Resource Files</Filter>
    </Image>
    <Image Include="resources\images\stonenormal.png">
      <Filter>Resource Files</Filter>
    </Image>
    <Image Include="resources\images\stonewall_normal.jpg">
      <Filter>Resource Files</Filter>
    </Image>
    <Image Include="resources\images\unstonewall_normal.png">
      <Filter>Resource Files</Filter>
    </Image>
    <Image Include="resources\images\stonewall.jpg">
      <Filter>Resource Files</Filter>
    </Image>
    <Image Include="resources\images\Default.png">
      <Filter>Resource Files</Filter>
    </Image>
    <Image Include="resources\images\brickdiffuse.png">
      <Filter>Resource Files</Filter>
    </Image>
    <Image Include="resources\images\brick_normalmap.png">
      <Filter>Resource Files</Filter>
    </Image>
    <Image Include="resources\images\brick_heightmap.png">
      <Filter>Resource Files</Filter>
    </Image>
    <Image Include="resources\images\cheapbricks_diffuse.jpg">
      <Filter>Resource Files</Filter>
    </Image>
    <Image Include="resources\images\cheapbricks_height.jpg">
      <Filter>Resource Files</Filter>
    </Image>
    <Image Include="resources\images\cheapbricks_normal.jpg">
      <Filter>Resource Files</Filter>
    </Image>
    <Image Include="resources\images\FullPack_Atlas.jpg">
      <Filter>Resource Files</Filter>
    </Image>
    <Image Include="resources\images\simple.png">
      <Filter>Resource Files</Filter>
    </Image>
    <Image Include="resources\images\simple_normalmap.png">
      <Filter>Resource Files</Filter>
    </Image>
    <Image Include="resources\images\un_stonewall_normal.jpg">
      <Filter>Resource Files</Filter>
    </Image>
  </ItemGroup>
</Project>